Microsoft Visual Studio Solution File, Format Version 10.00
# Visual Studio 2008
Project("{8BC9CEB8-8B4A-11D0-8D11-00A0C91BC942}") = "FileSharing", "FileSharing.vcproj", "{E318D966-15D7-4FBD-9F7D-8F42974F645D}"
EndProject
Project("{2150E333-8FDC-42A3-9474-1A3956D46DE8}") = "Solution Items", "Solution Items", "{4E78344B-910C-4481-AEAB-780D5D56CCB6}"
EndProject
Global
	GlobalSection(SolutionConfigurationPlatforms) = preSolution
		Debug|Win32 = Debug|Win32
		Release|Win32 = Release|Win32
	EndGlobalSection
	GlobalSection(ProjectConfigurationPlatforms) = postSolution
		{E318D966-15D7-4FBD-9F7D-8F42974F645D}.Debug|Win32.ActiveCfg = Debug|Win32
		{E318D966-15D7-4FBD-9F7D-8F42974F645D}.Debug|Win32.Build.0 = Debug|Win32
		{E318D966-15D7-4FBD-9F7D-8F42974F645D}.Release|Win32.ActiveCfg = Release|Win32
		{E318D966-15D7-4FBD-9F7D-8F42974F645D}.Release|Win32.Build.0 = Release|Win32
	EndGlobalSection
	GlobalSection(SolutionProperties) = preSolution
		HideSolutionNode = FALSE
	EndGlobalSection
EndGlobal
